// !$*UTF8*$!
{
	archiveVersion = 1;
	classes = {
	};
	objectVersion = 56;
	objects = {

/* Begin PBXBuildFile section */
		DAA59EED2B9A185500711F93 /* MineCell.swift in Sources */ = {isa = PBXBuildFile; fileRef = DAA59EEC2B9A185500711F93 /* MineCell.swift */; };
		DAD995772B97740D00871412 /* AppDelegate.swift in Sources */ = {isa = PBXBuildFile; fileRef = DAD995762B97740D00871412 /* AppDelegate.swift */; };
		DAD995792B97740D00871412 /* SceneDelegate.swift in Sources */ = {isa = PBXBuildFile; fileRef = DAD995782B97740D00871412 /* SceneDelegate.swift */; };
		DAD9957B2B97740D00871412 /* ViewController.swift in Sources */ = {isa = PBXBuildFile; fileRef = DAD9957A2B97740D00871412 /* ViewController.swift */; };
		DAD9957E2B97740D00871412 /* Main.storyboard in Resources */ = {isa = PBXBuildFile; fileRef = DAD9957C2B97740D00871412 /* Main.storyboard */; };
		DAD995802B97740D00871412 /* Assets.xcassets in Resources */ = {isa = PBXBuildFile; fileRef = DAD9957F2B97740D00871412 /* Assets.xcassets */; };
		DAD995832B97740D00871412 /* LaunchScreen.storyboard in Resources */ = {isa = PBXBuildFile; fileRef = DAD995812B97740D00871412 /* LaunchScreen.storyboard */; };
		DAD9958E2B97740E00871412 /* MineSweeperTests.swift in Sources */ = {isa = PBXBuildFile; fileRef = DAD9958D2B97740E00871412 /* MineSweeperTests.swift */; };
		DAD995982B97740E00871412 /* MineSweeperUITests.swift in Sources */ = {isa = PBXBuildFile; fileRef = DAD995972B97740E00871412 /* MineSweeperUITests.swift */; };
		DAD9959A2B97740E00871412 /* MineSweeperUITestsLaunchTests.swift in Sources */ = {isa = PBXBuildFile; fileRef = DAD995992B97740E00871412 /* MineSweeperUITestsLaunchTests.swift */; };
		DADC92432B98C04100DC2A46 /* CollectionViewController.swift in Sources */ = {isa = PBXBuildFile; fileRef = DADC92422B98C04100DC2A46 /* CollectionViewController.swift */; };
/* End PBXBuildFile section */

/* Begin PBXContainerItemProxy section */
		DAD9958A2B97740E00871412 /* PBXContainerItemProxy */ = {
			isa = PBXContainerItemProxy;
			containerPortal = DAD9956B2B97740D00871412 /* Project object */;
			proxyType = 1;
			remoteGlobalIDString = DAD995722B97740D00871412;
			remoteInfo = MineSweeper;
		};
		DAD995942B97740E00871412 /* PBXContainerItemProxy */ = {
			isa = PBXContainerItemProxy;
			containerPortal = DAD9956B2B97740D00871412 /* Project object */;
			proxyType = 1;
			remoteGlobalIDString = DAD995722B97740D00871412;
			remoteInfo = MineSweeper;
		};
/* End PBXContainerItemProxy section */

/* Begin PBXFileReference section */
		DAA59EEC2B9A185500711F93 /* MineCell.swift */ = {isa = PBXFileReference; lastKnownFileType = sourcecode.swift; path = MineCell.swift; sourceTree = "<group>"; };
		DAD995732B97740D00871412 /* MineSweeper.app */ = {isa = PBXFileReference; explicitFileType = wrapper.application; includeInIndex = 0; path = MineSweeper.app; sourceTree = BUILT_PRODUCTS_DIR; };
		DAD995762B97740D00871412 /* AppDelegate.swift */ = {isa = PBXFileReference; lastKnownFileType = sourcecode.swift; path = AppDelegate.swift; sourceTree = "<group>"; };
		DAD995782B97740D00871412 /* SceneDelegate.swift */ = {isa = PBXFileReference; lastKnownFileType = sourcecode.swift; path = SceneDelegate.swift; sourceTree = "<group>"; };
		DAD9957A2B97740D00871412 /* ViewController.swift */ = {isa = PBXFileReference; lastKnownFileType = sourcecode.swift; path = ViewController.swift; sourceTree = "<group>"; };
		DAD9957D2B97740D00871412 /* Base */ = {isa = PBXFileReference; lastKnownFileType = file.storyboard; name = Base; path = Base.lproj/Main.storyboard; sourceTree = "<group>"; };
		DAD9957F2B97740D00871412 /* Assets.xcassets */ = {isa = PBXFileReference; lastKnownFileType = folder.assetcatalog; path = Assets.xcassets; sourceTree = "<group>"; };
		DAD995822B97740D00871412 /* Base */ = {isa = PBXFileReference; lastKnownFileType = file.storyboard; name = Base; path = Base.lproj/LaunchScreen.storyboard; sourceTree = "<group>"; };
		DAD995842B97740D00871412 /* Info.plist */ = {isa = PBXFileReference; lastKnownFileType = text.plist.xml; path = Info.plist; sourceTree = "<group>"; };
		DAD995892B97740E00871412 /* MineSweeperTests.xctest */ = {isa = PBXFileReference; explicitFileType = wrapper.cfbundle; includeInIndex = 0; path = MineSweeperTests.xctest; sourceTree = BUILT_PRODUCTS_DIR; };
		DAD9958D2B97740E00871412 /* MineSweeperTests.swift */ = {isa = PBXFileReference; lastKnownFileType = sourcecode.swift; path = MineSweeperTests.swift; sourceTree = "<group>"; };
		DAD995932B97740E00871412 /* MineSweeperUITests.xctest */ = {isa = PBXFileReference; explicitFileType = wrapper.cfbundle; includeInIndex = 0; path = MineSweeperUITests.xctest; sourceTree = BUILT_PRODUCTS_DIR; };
		DAD995972B97740E00871412 /* MineSweeperUITests.swift */ = {isa = PBXFileReference; lastKnownFileType = sourcecode.swift; path = MineSweeperUITests.swift; sourceTree = "<group>"; };
		DAD995992B97740E00871412 /* MineSweeperUITestsLaunchTests.swift */ = {isa = PBXFileReference; lastKnownFileType = sourcecode.swift; path = MineSweeperUITestsLaunchTests.swift; sourceTree = "<group>"; };
		DADC92422B98C04100DC2A46 /* CollectionViewController.swift */ = {isa = PBXFileReference; lastKnownFileType = sourcecode.swift; path = CollectionViewController.swift; sourceTree = "<group>"; };
/* End PBXFileReference section */

/* Begin PBXFrameworksBuildPhase section */
		DAD995702B97740D00871412 /* Frameworks */ = {
			isa = PBXFrameworksBuildPhase;
			buildActionMask = 2147483647;
			files = (
			);
			runOnlyForDeploymentPostprocessing = 0;
		};
		DAD995862B97740E00871412 /* Frameworks */ = {
			isa = PBXFrameworksBuildPhase;
			buildActionMask = 2147483647;
			files = (
			);
			runOnlyForDeploymentPostprocessing = 0;
		};
		DAD995902B97740E00871412 /* Frameworks */ = {
			isa = PBXFrameworksBuildPhase;
			buildActionMask = 2147483647;
			files = (
			);
			runOnlyForDeploymentPostprocessing = 0;
		};
/* End PBXFrameworksBuildPhase section */

/* Begin PBXGroup section */
		DAD9956A2B97740D00871412 = {
			isa = PBXGroup;
			children = (
				DAD995752B97740D00871412 /* MineSweeper */,
				DAD9958C2B97740E00871412 /* MineSweeperTests */,
				DAD995962B97740E00871412 /* MineSweeperUITests */,
				DAD995742B97740D00871412 /* Products */,
			);
			sourceTree = "<group>";
		};
		DAD995742B97740D00871412 /* Products */ = {
			isa = PBXGroup;
			children = (
				DAD995732B97740D00871412 /* MineSweeper.app */,
				DAD995892B97740E00871412 /* MineSweeperTests.xctest */,
				DAD995932B97740E00871412 /* MineSweeperUITests.xctest */,
			);
			name = Products;
			sourceTree = "<group>";
		};
		DAD995752B97740D00871412 /* MineSweeper */ = {
			isa = PBXGroup;
			children = (
				DAD995762B97740D00871412 /* AppDelegate.swift */,
				DAD995782B97740D00871412 /* SceneDelegate.swift */,
				DAD9957A2B97740D00871412 /* ViewController.swift */,
				DAD9957C2B97740D00871412 /* Main.storyboard */,
				DADC92422B98C04100DC2A46 /* CollectionViewController.swift */,
				DAA59EEC2B9A185500711F93 /* MineCell.swift */,
				DAD9957F2B97740D00871412 /* Assets.xcassets */,
				DAD995812B97740D00871412 /* LaunchScreen.storyboard */,
				DAD995842B97740D00871412 /* Info.plist */,
			);
			path = MineSweeper;
			sourceTree = "<group>";
		};
		DAD9958C2B97740E00871412 /* MineSweeperTests */ = {
			isa = PBXGroup;
			children = (
				DAD9958D2B97740E00871412 /* MineSweeperTests.swift */,
			);
			path = MineSweeperTests;
			sourceTree = "<group>";
		};
		DAD995962B97740E00871412 /* MineSweeperUITests */ = {
			isa = PBXGroup;
			children = (
				DAD995972B97740E00871412 /* MineSweeperUITests.swift */,
				DAD995992B97740E00871412 /* MineSweeperUITestsLaunchTests.swift */,
			);
			path = MineSweeperUITests;
			sourceTree = "<group>";
		};
/* End PBXGroup section */

/* Begin PBXNativeTarget section */
		DAD995722B97740D00871412 /* MineSweeper */ = {
			isa = PBXNativeTarget;
			buildConfigurationList = DAD9959D2B97740E00871412 /* Build configuration list for PBXNativeTarget "MineSweeper" */;
			buildPhases = (
				DAD9956F2B97740D00871412 /* Sources */,
				DAD995702B97740D00871412 /* Frameworks */,
				DAD995712B97740D00871412 /* Resources */,
			);
			buildRules = (
			);
			dependencies = (
			);
			name = MineSweeper;
			productName = MineSweeper;
			productReference = DAD995732B97740D00871412 /* MineSweeper.app */;
			productType = "com.apple.product-type.application";
		};
		DAD995882B97740E00871412 /* MineSweeperTests */ = {
			isa = PBXNativeTarget;
			buildConfigurationList = DAD995A02B97740E00871412 /* Build configuration list for PBXNativeTarget "MineSweeperTests" */;
			buildPhases = (
				DAD995852B97740E00871412 /* Sources */,
				DAD995862B97740E00871412 /* Frameworks */,
				DAD995872B97740E00871412 /* Resources */,
			);
			buildRules = (
			);
			dependencies = (
				DAD9958B2B97740E00871412 /* PBXTargetDependency */,
			);
			name = MineSweeperTests;
			productName = MineSweeperTests;
			productReference = DAD995892B97740E00871412 /* MineSweeperTests.xctest */;
			productType = "com.apple.product-type.bundle.unit-test";
		};
		DAD995922B97740E00871412 /* MineSweeperUITests */ = {
			isa = PBXNativeTarget;
			buildConfigurationList = DAD995A32B97740E00871412 /* Build configuration list for PBXNativeTarget "MineSweeperUITests" */;
			buildPhases = (
				DAD9958F2B97740E00871412 /* Sources */,
				DAD995902B97740E00871412 /* Frameworks */,
				DAD995912B97740E00871412 /* Resources */,
			);
			buildRules = (
			);
			dependencies = (
				DAD995952B97740E00871412 /* PBXTargetDependency */,
			);
			name = MineSweeperUITests;
			productName = MineSweeperUITests;
			productReference = DAD995932B97740E00871412 /* MineSweeperUITests.xctest */;
			productType = "com.apple.product-type.bundle.ui-testing";
		};
/* End PBXNativeTarget section */

/* Begin PBXProject section */
		DAD9956B2B97740D00871412 /* Project object */ = {
			isa = PBXProject;
			attributes = {
				BuildIndependentTargetsInParallel = 1;
				LastSwiftUpdateCheck = 1510;
				LastUpgradeCheck = 1510;
				TargetAttributes = {
					DAD995722B97740D00871412 = {
						CreatedOnToolsVersion = 15.1;
					};
					DAD995882B97740E00871412 = {
						CreatedOnToolsVersion = 15.1;
						TestTargetID = DAD995722B97740D00871412;
					};
					DAD995922B97740E00871412 = {
						CreatedOnToolsVersion = 15.1;
						TestTargetID = DAD995722B97740D00871412;
					};
				};
			};
			buildConfigurationList = DAD9956E2B97740D00871412 /* Build configuration list for PBXProject "MineSweeper" */;
			compatibilityVersion = "Xcode 14.0";
			developmentRegion = en;
			hasScannedForEncodings = 0;
			knownRegions = (
				en,
				Base,
			);
			mainGroup = DAD9956A2B97740D00871412;
			productRefGroup = DAD995742B97740D00871412 /* Products */;
			projectDirPath = "";
			projectRoot = "";
			targets = (
				DAD995722B97740D00871412 /* MineSweeper */,
				DAD995882B97740E00871412 /* MineSweeperTests */,
				DAD995922B97740E00871412 /* MineSweeperUITests */,
			);
		};
/* End PBXProject section */

/* Begin PBXResourcesBuildPhase section */
		DAD995712B97740D00871412 /* Resources */ = {
			isa = PBXResourcesBuildPhase;
			buildActionMask = 2147483647;
			files = (
				DAD995832B97740D00871412 /* LaunchScreen.storyboard in Resources */,
				DAD995802B97740D00871412 /* Assets.xcassets in Resources */,
				DAD9957E2B97740D00871412 /* Main.storyboard in Resources */,
			);
			runOnlyForDeploymentPostprocessing = 0;
		};
		DAD995872B97740E00871412 /* Resources */ = {
			isa = PBXResourcesBuildPhase;
			buildActionMask = 2147483647;
			files = (
			);
			runOnlyForDeploymentPostprocessing = 0;
		};
		DAD995912B97740E00871412 /* Resources */ = {
			isa = PBXResourcesBuildPhase;
			buildActionMask = 2147483647;
			files = (
			);
			runOnlyForDeploymentPostprocessing = 0;
		};
/* End PBXResourcesBuildPhase section */

/* Begin PBXSourcesBuildPhase section */
		DAD9956F2B97740D00871412 /* Sources */ = {
			isa = PBXSourcesBuildPhase;
			buildActionMask = 2147483647;
			files = (
				DADC92432B98C04100DC2A46 /* CollectionViewController.swift in Sources */,
				DAD9957B2B97740D00871412 /* ViewController.swift in Sources */,
				DAD995772B97740D00871412 /* AppDelegate.swift in Sources */,
				DAA59EED2B9A185500711F93 /* MineCell.swift in Sources */,
				DAD995792B97740D00871412 /* SceneDelegate.swift in Sources */,
			);
			runOnlyForDeploymentPostprocessing = 0;
		};
		DAD995852B97740E00871412 /* Sources */ = {
			isa = PBXSourcesBuildPhase;
			buildActionMask = 2147483647;
			files = (
				DAD9958E2B97740E00871412 /* MineSweeperTests.swift in Sources */,
			);
			runOnlyForDeploymentPostprocessing = 0;
		};
		DAD9958F2B97740E00871412 /* Sources */ = {
			isa = PBXSourcesBuildPhase;
			buildActionMask = 2147483647;
			files = (
				DAD995982B97740E00871412 /* MineSweeperUITests.swift in Sources */,
				DAD9959A2B97740E00871412 /* MineSweeperUITestsLaunchTests.swift in Sources */,
			);
			runOnlyForDeploymentPostprocessing = 0;
		};
/* End PBXSourcesBuildPhase section */

/* Begin PBXTargetDependency section */
		DAD9958B2B97740E00871412 /* PBXTargetDependency */ = {
			isa = PBXTargetDependency;
			target = DAD995722B97740D00871412 /* MineSweeper */;
			targetProxy = DAD9958A2B97740E00871412 /* PBXContainerItemProxy */;
		};
		DAD995952B97740E00871412 /* PBXTargetDependency */ = {
			isa = PBXTargetDependency;
			target = DAD995722B97740D00871412 /* MineSweeper */;
			targetProxy = DAD995942B97740E00871412 /* PBXContainerItemProxy */;
		};
/* End PBXTargetDependency section */

/* Begin PBXVariantGroup section */
		DAD9957C2B97740D00871412 /* Main.storyboard */ = {
			isa = PBXVariantGroup;
			children = (
				DAD9957D2B97740D00871412 /* Base */,
			);
			name = Main.storyboard;
			sourceTree = "<group>";
		};
		DAD995812B97740D00871412 /* LaunchScreen.storyboard */ = {
			isa = PBXVariantGroup;
			children = (
				DAD995822B97740D00871412 /* Base */,
			);
			name = LaunchScreen.storyboard;
			sourceTree = "<group>";
		};
/* End PBXVariantGroup section */

/* Begin XCBuildConfiguration section */
		DAD9959B2B97740E00871412 /* Debug */ = {
			isa = XCBuildConfiguration;
			buildSettings = {
				ALWAYS_SEARCH_USER_PATHS = NO;
				ASSETCATALOG_COMPILER_GENERATE_SWIFT_ASSET_SYMBOL_EXTENSIONS = YES;
				CLANG_ANALYZER_NONNULL = YES;
				CLANG_ANALYZER_NUMBER_OBJECT_CONVERSION = YES_AGGRESSIVE;
				CLANG_CXX_LANGUAGE_STANDARD = "gnu++20";
				CLANG_ENABLE_MODULES = YES;
				CLANG_ENABLE_OBJC_ARC = YES;
				CLANG_ENABLE_OBJC_WEAK = YES;
				CLANG_WARN_BLOCK_CAPTURE_AUTORELEASING = YES;
				CLANG_WARN_BOOL_CONVERSION = YES;
				CLANG_WARN_COMMA = YES;
				CLANG_WARN_CONSTANT_CONVERSION = YES;
				CLANG_WARN_DEPRECATED_OBJC_IMPLEMENTATIONS = YES;
				CLANG_WARN_DIRECT_OBJC_ISA_USAGE = YES_ERROR;
				CLANG_WARN_DOCUMENTATION_COMMENTS = YES;
				CLANG_WARN_EMPTY_BODY = YES;
				CLANG_WARN_ENUM_CONVERSION = YES;
				CLANG_WARN_INFINITE_RECURSION = YES;
				CLANG_WARN_INT_CONVERSION = YES;
				CLANG_WARN_NON_LITERAL_NULL_CONVERSION = YES;
				CLANG_WARN_OBJC_IMPLICIT_RETAIN_SELF = YES;
				CLANG_WARN_OBJC_LITERAL_CONVERSION = YES;
				CLANG_WARN_OBJC_ROOT_CLASS = YES_ERROR;
				CLANG_WARN_QUOTED_INCLUDE_IN_FRAMEWORK_HEADER = YES;
				CLANG_WARN_RANGE_LOOP_ANALYSIS = YES;
				CLANG_WARN_STRICT_PROTOTYPES = YES;
				CLANG_WARN_SUSPICIOUS_MOVE = YES;
				CLANG_WARN_UNGUARDED_AVAILABILITY = YES_AGGRESSIVE;
				CLANG_WARN_UNREACHABLE_CODE = YES;
				CLANG_WARN__DUPLICATE_METHOD_MATCH = YES;
				COPY_PHASE_STRIP = NO;
				DEBUG_INFORMATION_FORMAT = dwarf;
				ENABLE_STRICT_OBJC_MSGSEND = YES;
				ENABLE_TESTABILITY = YES;
				ENABLE_USER_SCRIPT_SANDBOXING = YES;
				GCC_C_LANGUAGE_STANDARD = gnu17;
				GCC_DYNAMIC_NO_PIC = NO;
				GCC_NO_COMMON_BLOCKS = YES;
				GCC_OPTIMIZATION_LEVEL = 0;
				GCC_PREPROCESSOR_DEFINITIONS = (
					"DEBUG=1",
					"$(inherited)",
				);
				GCC_WARN_64_TO_32_BIT_CONVERSION = YES;
				GCC_WARN_ABOUT_RETURN_TYPE = YES_ERROR;
				GCC_WARN_UNDECLARED_SELECTOR = YES;
				GCC_WARN_UNINITIALIZED_AUTOS = YES_AGGRESSIVE;
				GCC_WARN_UNUSED_FUNCTION = YES;
				GCC_WARN_UNUSED_VARIABLE = YES;
				IPHONEOS_DEPLOYMENT_TARGET = 17.2;
				LOCALIZATION_PREFERS_STRING_CATALOGS = YES;
				MTL_ENABLE_DEBUG_INFO = INCLUDE_SOURCE;
				MTL_FAST_MATH = YES;
				ONLY_ACTIVE_ARCH = YES;
				SDKROOT = iphoneos;
				SWIFT_ACTIVE_COMPILATION_CONDITIONS = "DEBUG $(inherited)";
				SWIFT_OPTIMIZATION_LEVEL = "-Onone";
			};
			name = Debug;
		};
		DAD9959C2B97740E00871412 /* Release */ = {
			isa = XCBuildConfiguration;
			buildSettings = {
				ALWAYS_SEARCH_USER_PATHS = NO;
				ASSETCATALOG_COMPILER_GENERATE_SWIFT_ASSET_SYMBOL_EXTENSIONS = YES;
				CLANG_ANALYZER_NONNULL = YES;
				CLANG_ANALYZER_NUMBER_OBJECT_CONVERSION = YES_AGGRESSIVE;
				CLANG_CXX_LANGUAGE_STANDARD = "gnu++20";
				CLANG_ENABLE_MODULES = YES;
				CLANG_ENABLE_OBJC_ARC = YES;
				CLANG_ENABLE_OBJC_WEAK = YES;
				CLANG_WARN_BLOCK_CAPTURE_AUTORELEASING = YES;
				CLANG_WARN_BOOL_CONVERSION = YES;
				CLANG_WARN_COMMA = YES;
				CLANG_WARN_CONSTANT_CONVERSION = YES;
				CLANG_WARN_DEPRECATED_OBJC_IMPLEMENTATIONS = YES;
				CLANG_WARN_DIRECT_OBJC_ISA_USAGE = YES_ERROR;
				CLANG_WARN_DOCUMENTATION_COMMENTS = YES;
				CLANG_WARN_EMPTY_BODY = YES;
				CLANG_WARN_ENUM_CONVERSION = YES;
				CLANG_WARN_INFINITE_RECURSION = YES;
				CLANG_WARN_INT_CONVERSION = YES;
				CLANG_WARN_NON_LITERAL_NULL_CONVERSION = YES;
				CLANG_WARN_OBJC_IMPLICIT_RETAIN_SELF = YES;
				CLANG_WARN_OBJC_LITERAL_CONVERSION = YES;
				CLANG_WARN_OBJC_ROOT_CLASS = YES_ERROR;
				CLANG_WARN_QUOTED_INCLUDE_IN_FRAMEWORK_HEADER = YES;
				CLANG_WARN_RANGE_LOOP_ANALYSIS = YES;
				CLANG_WARN_STRICT_PROTOTYPES = YES;
				CLANG_WARN_SUSPICIOUS_MOVE = YES;
				CLANG_WARN_UNGUARDED_AVAILABILITY = YES_AGGRESSIVE;
				CLANG_WARN_UNREACHABLE_CODE = YES;
				CLANG_WARN__DUPLICATE_METHOD_MATCH = YES;
				COPY_PHASE_STRIP = NO;
				DEBUG_INFORMATION_FORMAT = "dwarf-with-dsym";
				ENABLE_NS_ASSERTIONS = NO;
				ENABLE_STRICT_OBJC_MSGSEND = YES;
				ENABLE_USER_SCRIPT_SANDBOXING = YES;
				GCC_C_LANGUAGE_STANDARD = gnu17;
				GCC_NO_COMMON_BLOCKS = YES;
				GCC_WARN_64_TO_32_BIT_CONVERSION = YES;
				GCC_WARN_ABOUT_RETURN_TYPE = YES_ERROR;
				GCC_WARN_UNDECLARED_SELECTOR = YES;
				GCC_WARN_UNINITIALIZED_AUTOS = YES_AGGRESSIVE;
				GCC_WARN_UNUSED_FUNCTION = YES;
				GCC_WARN_UNUSED_VARIABLE = YES;
				IPHONEOS_DEPLOYMENT_TARGET = 17.2;
				LOCALIZATION_PREFERS_STRING_CATALOGS = YES;
				MTL_ENABLE_DEBUG_INFO = NO;
				MTL_FAST_MATH = YES;
				SDKROOT = iphoneos;
				SWIFT_COMPILATION_MODE = wholemodule;
				VALIDATE_PRODUCT = YES;
			};
			name = Release;
		};
		DAD9959E2B97740E00871412 /* Debug */ = {
			isa = XCBuildConfiguration;
			buildSettings = {
				ASSETCATALOG_COMPILER_APPICON_NAME = AppIcon;
				ASSETCATALOG_COMPILER_GLOBAL_ACCENT_COLOR_NAME = AccentColor;
				CODE_SIGN_STYLE = Automatic;
				CURRENT_PROJECT_VERSION = 1;
				DEVELOPMENT_TEAM = 77L35KUVF3;
				GENERATE_INFOPLIST_FILE = YES;
				INFOPLIST_FILE = MineSweeper/Info.plist;
				INFOPLIST_KEY_UIApplicationSupportsIndirectInputEvents = YES;
				INFOPLIST_KEY_UILaunchStoryboardName = LaunchScreen;
				INFOPLIST_KEY_UIMainStoryboardFile = Main;
				INFOPLIST_KEY_UISupportedInterfaceOrientations_iPad = "UIInterfaceOrientationPortrait UIInterfaceOrientationPortraitUpsideDown UIInterfaceOrientationLandscapeLeft UIInterfaceOrientationLandscapeRight";
				INFOPLIST_KEY_UISupportedInterfaceOrientations_iPhone = "UIInterfaceOrientationPortrait UIInterfaceOrientationLandscapeLeft UIInterfaceOrientationLandscapeRight";
				LD_RUNPATH_SEARCH_PATHS = (
					"$(inherited)",
					"@executable_path/Frameworks",
				);
				MARKETING_VERSION = 1.0;
				PRODUCT_BUNDLE_IDENTIFIER = clc.MineSweeper;
				PRODUCT_NAME = "$(TARGET_NAME)";
				SWIFT_EMIT_LOC_STRINGS = YES;
				SWIFT_VERSION = 5.0;
				TARGETED_DEVICE_FAMILY = "1,2";
			};
			name = Debug;
		};
		DAD9959F2B97740E00871412 /* Release */ = {
			isa = XCBuildConfiguration;
			buildSettings = {
				ASSETCATALOG_COMPILER_APPICON_NAME = AppIcon;
				ASSETCATALOG_COMPILER_GLOBAL_ACCENT_COLOR_NAME = AccentColor;
				CODE_SIGN_STYLE = Automatic;
				CURRENT_PROJECT_VERSION = 1;
				DEVELOPMENT_TEAM = 77L35KUVF3;
				GENERATE_INFOPLIST_FILE = YES;
				INFOPLIST_FILE = MineSweeper/Info.plist;
				INFOPLIST_KEY_UIApplicationSupportsIndirectInputEvents = YES;
				INFOPLIST_KEY_UILaunchStoryboardName = LaunchScreen;
				INFOPLIST_KEY_UIMainStoryboardFile = Main;
				INFOPLIST_KEY_UISupportedInterfaceOrientations_iPad = "UIInterfaceOrientationPortrait UIInterfaceOrientationPortraitUpsideDown UIInterfaceOrientationLandscapeLeft UIInterfaceOrientationLandscapeRight";
				INFOPLIST_KEY_UISupportedInterfaceOrientations_iPhone = "UIInterfaceOrientationPortrait UIInterfaceOrientationLandscapeLeft UIInterfaceOrientationLandscapeRight";
				LD_RUNPATH_SEARCH_PATHS = (
					"$(inherited)",
					"@executable_path/Frameworks",
				);
				MARKETING_VERSION = 1.0;
				PRODUCT_BUNDLE_IDENTIFIER = clc.MineSweeper;
				PRODUCT_NAME = "$(TARGET_NAME)";
				SWIFT_EMIT_LOC_STRINGS = YES;
				SWIFT_VERSION = 5.0;
				TARGETED_DEVICE_FAMILY = "1,2";
			};
			name = Release;
		};
		DAD995A12B97740E00871412 /* Debug */ = {
			isa = XCBuildConfiguration;
			buildSettings = {
				ALWAYS_EMBED_SWIFT_STANDARD_LIBRARIES = YES;
				BUNDLE_LOADER = "$(TEST_HOST)";
				CODE_SIGN_STYLE = Automatic;
				CURRENT_PROJECT_VERSION = 1;
				DEVELOPMENT_TEAM = 77L35KUVF3;
				GENERATE_INFOPLIST_FILE = YES;
				IPHONEOS_DEPLOYMENT_TARGET = 17.2;
				MARKETING_VERSION = 1.0;
				PRODUCT_BUNDLE_IDENTIFIER = clc.MineSweeperTests;
				PRODUCT_NAME = "$(TARGET_NAME)";
				SWIFT_EMIT_LOC_STRINGS = NO;
				SWIFT_VERSION = 5.0;
				TARGETED_DEVICE_FAMILY = "1,2";
				TEST_HOST = "$(BUILT_PRODUCTS_DIR)/MineSweeper.app/$(BUNDLE_EXECUTABLE_FOLDER_PATH)/MineSweeper";
			};
			name = Debug;
		};
		DAD995A22B97740E00871412 /* Release */ = {
			isa = XCBuildConfiguration;
			buildSettings = {
				ALWAYS_EMBED_SWIFT_STANDARD_LIBRARIES = YES;
				BUNDLE_LOADER = "$(TEST_HOST)";
				CODE_SIGN_STYLE = Automatic;
				CURRENT_PROJECT_VERSION = 1;
				DEVELOPMENT_TEAM = 77L35KUVF3;
				GENERATE_INFOPLIST_FILE = YES;
				IPHONEOS_DEPLOYMENT_TARGET = 17.2;
				MARKETING_VERSION = 1.0;
				PRODUCT_BUNDLE_IDENTIFIER = clc.MineSweeperTests;
				PRODUCT_NAME = "$(TARGET_NAME)";
				SWIFT_EMIT_LOC_STRINGS = NO;
				SWIFT_VERSION = 5.0;
				TARGETED_DEVICE_FAMILY = "1,2";
				TEST_HOST = "$(BUILT_PRODUCTS_DIR)/MineSweeper.app/$(BUNDLE_EXECUTABLE_FOLDER_PATH)/MineSweeper";
			};
			name = Release;
		};
		DAD995A42B97740E00871412 /* Debug */ = {
			isa = XCBuildConfiguration;
			buildSettings = {
				ALWAYS_EMBED_SWIFT_STANDARD_LIBRARIES = YES;
				CODE_SIGN_STYLE = Automatic;
				CURRENT_PROJECT_VERSION = 1;
				DEVELOPMENT_TEAM = 77L35KUVF3;
				GENERATE_INFOPLIST_FILE = YES;
				MARKETING_VERSION = 1.0;
				PRODUCT_BUNDLE_IDENTIFIER = clc.MineSweeperUITests;
				PRODUCT_NAME = "$(TARGET_NAME)";
				SWIFT_EMIT_LOC_STRINGS = NO;
				SWIFT_VERSION = 5.0;
				TARGETED_DEVICE_FAMILY = "1,2";
				TEST_TARGET_NAME = MineSweeper;
			};
			name = Debug;
		};
		DAD995A52B97740E00871412 /* Release */ = {
			isa = XCBuildConfiguration;
			buildSettings = {
				ALWAYS_EMBED_SWIFT_STANDARD_LIBRARIES = YES;
				CODE_SIGN_STYLE = Automatic;
				CURRENT_PROJECT_VERSION = 1;
				DEVELOPMENT_TEAM = 77L35KUVF3;
				GENERATE_INFOPLIST_FILE = YES;
				MARKETING_VERSION = 1.0;
				PRODUCT_BUNDLE_IDENTIFIER = clc.MineSweeperUITests;
				PRODUCT_NAME = "$(TARGET_NAME)";
				SWIFT_EMIT_LOC_STRINGS = NO;
				SWIFT_VERSION = 5.0;
				TARGETED_DEVICE_FAMILY = "1,2";
				TEST_TARGET_NAME = MineSweeper;
			};
			name = Release;
		};
/* End XCBuildConfiguration section */

/* Begin XCConfigurationList section */
		DAD9956E2B97740D00871412 /* Build configuration list for PBXProject "MineSweeper" */ = {
			isa = XCConfigurationList;
			buildConfigurations = (
				DAD9959B2B97740E00871412 /* Debug */,
				DAD9959C2B97740E00871412 /* Release */,
			);
			defaultConfigurationIsVisible = 0;
			defaultConfigurationName = Release;
		};
		DAD9959D2B97740E00871412 /* Build configuration list for PBXNativeTarget "MineSweeper" */ = {
			isa = XCConfigurationList;
			buildConfigurations = (
				DAD9959E2B97740E00871412 /* Debug */,
				DAD9959F2B97740E00871412 /* Release */,
			);
			defaultConfigurationIsVisible = 0;
			defaultConfigurationName = Release;
		};
		DAD995A02B97740E00871412 /* Build configuration list for PBXNativeTarget "MineSweeperTests" */ = {
			isa = XCConfigurationList;
			buildConfigurations = (
				DAD995A12B97740E00871412 /* Debug */,
				DAD995A22B97740E00871412 /* Release */,
			);
			defaultConfigurationIsVisible = 0;
			defaultConfigurationName = Release;
		};
		DAD995A32B97740E00871412 /* Build configuration list for PBXNativeTarget "MineSweeperUITests" */ = {
			isa = XCConfigurationList;
			buildConfigurations = (
				DAD995A42B97740E00871412 /* Debug */,
				DAD995A52B97740E00871412 /* Release */,
			);
			defaultConfigurationIsVisible = 0;
			defaultConfigurationName = Release;
		};
/* End XCConfigurationList section */
	};
	rootObject = DAD9956B2B97740D00871412 /* Project object */;
}
